
Microsoft Visual Studio Solution File, Format Version 12.00
# Visual Studio Version 16
VisualStudioVersion = 16.0.31515.178
MinimumVisualStudioVersion = 10.0.40219.1
Project("{FAE04EC0-301F-11D3-BF4B-00C04F79EFBC}") = "Avansight. Web", "Avansight. Web\Avansight. Web.csproj", "{71D29B56-9139-429A-A3D3-EBFD0ACC86AC}"
EndProject
Project("{FAE04EC0-301F-11D3-BF4B-00C04F79EFBC}") = "Avansight.Domain", "Avansight.Domain\Avansight.Domain.csproj", "{5BD6821A-7B24-4A59-9489-6338E673E143}"
EndProject
Project("{FAE04EC0-301F-11D3-BF4B-00C04F79EFBC}") = "Avansight.Service", "Avansight. Service\Avansight.Service.csproj", "{8BAC21F2-7ADD-4708-BDB0-67E8B2D76B0D}"
EndProject
Global
	GlobalSection(SolutionConfigurationPlatforms) = preSolution
		Debug|Any CPU = Debug|Any CPU
		Release|Any CPU = Release|Any CPU
	EndGlobalSection
	GlobalSection(ProjectConfigurationPlatforms) = postSolution
		{71D29B56-9139-429A-A3D3-EBFD0ACC86AC}.Debug|Any CPU.ActiveCfg = Debug|Any CPU
		{71D29B56-9139-429A-A3D3-EBFD0ACC86AC}.Debug|Any CPU.Build.0 = Debug|Any CPU
		{71D29B56-9139-429A-A3D3-EBFD0ACC86AC}.Release|Any CPU.ActiveCfg = Release|Any CPU
		{71D29B56-9139-429A-A3D3-EBFD0ACC86AC}.Release|Any CPU.Build.0 = Release|Any CPU
		{5BD6821A-7B24-4A59-9489-6338E673E143}.Debug|Any CPU.ActiveCfg = Debug|Any CPU
		{5BD6821A-7B24-4A59-9489-6338E673E143}.Debug|Any CPU.Build.0 = Debug|Any CPU
		{5BD6821A-7B24-4A59-9489-6338E673E143}.Release|Any CPU.ActiveCfg = Release|Any CPU
		{5BD6821A-7B24-4A59-9489-6338E673E143}.Release|Any CPU.Build.0 = Release|Any CPU
		{8BAC21F2-7ADD-4708-BDB0-67E8B2D76B0D}.Debug|Any CPU.ActiveCfg = Debug|Any CPU
		{8BAC21F2-7ADD-4708-BDB0-67E8B2D76B0D}.Debug|Any CPU.Build.0 = Debug|Any CPU
		{8BAC21F2-7ADD-4708-BDB0-67E8B2D76B0D}.Release|Any CPU.ActiveCfg = Release|Any CPU
		{8BAC21F2-7ADD-4708-BDB0-67E8B2D76B0D}.Release|Any CPU.Build.0 = Release|Any CPU
	EndGlobalSection
	GlobalSection(SolutionProperties) = preSolution
		HideSolutionNode = FALSE
	EndGlobalSection
	GlobalSection(ExtensibilityGlobals) = postSolution
		SolutionGuid = {8B0111DF-9DCC-4C6C-96B6-F77A6CB57D72}
	EndGlobalSection
EndGlobal
